PODS:
  - AKUStoreManager (0.1.0):
    - AKUStoreManager/Core (= 0.1.0)
  - AKUStoreManager/Core (0.1.0)
  - AKUStoreManager/Tester (0.1.0):
    - AKUStoreManager/Core

DEPENDENCIES:
  - AKUStoreManager (from `../`)
  - AKUStoreManager/Tester (from `../`)

EXTERNAL SOURCES:
  AKUStoreManager:
    :path: "../"

SPEC CHECKSUMS:
  AKUStoreManager: e678e1e7308d015356dda2b189f45c436de63841

PODFILE CHECKSUM: 165225ba5127eea9e7027150a27042c98bc08efa

COCOAPODS: 1.9.1
