PODS:
  - AKUStoreManager (0.1.0):
    - AKUStoreManager/Core (= 0.1.0)
  - AKUStoreManager/Core (0.1.0)
  - AKUStoreManager/Tester (0.1.0):
    - AKUStoreManager/Core

DEPENDENCIES:
  - AKUStoreManager (from `../`)
  - AKUStoreManager/Tester (from `../`)

EXTERNAL SOURCES:
  AKUStoreManager:
    :path: "../"

SPEC CHECKSUMS:
  AKUStoreManager: 7e119a31e5a448644ccee3958589e5e25ba3da6a

PODFILE CHECKSUM: 165225ba5127eea9e7027150a27042c98bc08efa

COCOAPODS: 1.9.1
